
Microsoft Visual Studio Solution File, Format Version 12.00
# Visual Studio Version 16
VisualStudioVersion = 16.0.29911.84
MinimumVisualStudioVersion = 10.0.40219.1
Project("{9A19103F-16F7-4668-BE54-9A1E7A4F7556}") = "lskysd.techinventory.web", "lskysd.techinventory.web\lskysd.techinventory.web.csproj", "{D01B2989-DDEA-4E4A-9949-A80849B46602}"
EndProject
Project("{9A19103F-16F7-4668-BE54-9A1E7A4F7556}") = "lskysd.techinventory.tiimport", "lskysd.techinventory.tiimport\lskysd.techinventory.tiimport.csproj", "{F688D9EE-58CC-4B3C-8A25-1087A75919EF}"
EndProject
Project("{FAE04EC0-301F-11D3-BF4B-00C04F79EFBC}") = "lskysd.techinventory.importers", "lskysd.techinventory.importers\lskysd.techinventory.importers.csproj", "{5AFC66B8-9E1C-4429-80D2-BA090FE68840}"
EndProject
Project("{FAE04EC0-301F-11D3-BF4B-00C04F79EFBC}") = "lskysd.techinventory.db", "lskysd.techinventory.db\lskysd.techinventory.db.csproj", "{508F6A2E-5094-45E5-9B95-86B37CCAE603}"
EndProject
Project("{FAE04EC0-301F-11D3-BF4B-00C04F79EFBC}") = "lskysd.techinventory.model", "lskysd.techinventory.model\lskysd.techinventory.model.csproj", "{84DD3905-795B-4BE8-9516-5EA7B1C7723B}"
EndProject
Project("{FAE04EC0-301F-11D3-BF4B-00C04F79EFBC}") = "lskysd.techinventory.util", "lskysd.techinventory.util\lskysd.techinventory.util.csproj", "{F6F5CA9E-16F1-41ED-865D-276B054D988D}"
EndProject
Global
	GlobalSection(SolutionConfigurationPlatforms) = preSolution
		Debug|Any CPU = Debug|Any CPU
		Release|Any CPU = Release|Any CPU
	EndGlobalSection
	GlobalSection(ProjectConfigurationPlatforms) = postSolution
		{D01B2989-DDEA-4E4A-9949-A80849B46602}.Debug|Any CPU.ActiveCfg = Debug|Any CPU
		{D01B2989-DDEA-4E4A-9949-A80849B46602}.Debug|Any CPU.Build.0 = Debug|Any CPU
		{D01B2989-DDEA-4E4A-9949-A80849B46602}.Release|Any CPU.ActiveCfg = Release|Any CPU
		{D01B2989-DDEA-4E4A-9949-A80849B46602}.Release|Any CPU.Build.0 = Release|Any CPU
		{F688D9EE-58CC-4B3C-8A25-1087A75919EF}.Debug|Any CPU.ActiveCfg = Debug|Any CPU
		{F688D9EE-58CC-4B3C-8A25-1087A75919EF}.Debug|Any CPU.Build.0 = Debug|Any CPU
		{F688D9EE-58CC-4B3C-8A25-1087A75919EF}.Release|Any CPU.ActiveCfg = Release|Any CPU
		{F688D9EE-58CC-4B3C-8A25-1087A75919EF}.Release|Any CPU.Build.0 = Release|Any CPU
		{5AFC66B8-9E1C-4429-80D2-BA090FE68840}.Debug|Any CPU.ActiveCfg = Debug|Any CPU
		{5AFC66B8-9E1C-4429-80D2-BA090FE68840}.Debug|Any CPU.Build.0 = Debug|Any CPU
		{5AFC66B8-9E1C-4429-80D2-BA090FE68840}.Release|Any CPU.ActiveCfg = Release|Any CPU
		{5AFC66B8-9E1C-4429-80D2-BA090FE68840}.Release|Any CPU.Build.0 = Release|Any CPU
		{508F6A2E-5094-45E5-9B95-86B37CCAE603}.Debug|Any CPU.ActiveCfg = Debug|Any CPU
		{508F6A2E-5094-45E5-9B95-86B37CCAE603}.Debug|Any CPU.Build.0 = Debug|Any CPU
		{508F6A2E-5094-45E5-9B95-86B37CCAE603}.Release|Any CPU.ActiveCfg = Release|Any CPU
		{508F6A2E-5094-45E5-9B95-86B37CCAE603}.Release|Any CPU.Build.0 = Release|Any CPU
		{84DD3905-795B-4BE8-9516-5EA7B1C7723B}.Debug|Any CPU.ActiveCfg = Debug|Any CPU
		{84DD3905-795B-4BE8-9516-5EA7B1C7723B}.Debug|Any CPU.Build.0 = Debug|Any CPU
		{84DD3905-795B-4BE8-9516-5EA7B1C7723B}.Release|Any CPU.ActiveCfg = Release|Any CPU
		{84DD3905-795B-4BE8-9516-5EA7B1C7723B}.Release|Any CPU.Build.0 = Release|Any CPU
		{F6F5CA9E-16F1-41ED-865D-276B054D988D}.Debug|Any CPU.ActiveCfg = Debug|Any CPU
		{F6F5CA9E-16F1-41ED-865D-276B054D988D}.Debug|Any CPU.Build.0 = Debug|Any CPU
		{F6F5CA9E-16F1-41ED-865D-276B054D988D}.Release|Any CPU.ActiveCfg = Release|Any CPU
		{F6F5CA9E-16F1-41ED-865D-276B054D988D}.Release|Any CPU.Build.0 = Release|Any CPU
	EndGlobalSection
	GlobalSection(SolutionProperties) = preSolution
		HideSolutionNode = FALSE
	EndGlobalSection
	GlobalSection(ExtensibilityGlobals) = postSolution
		SolutionGuid = {B4004453-1E57-44D5-B2B3-CF6BD5F79A7A}
	EndGlobalSection
EndGlobal
